
Microsoft Visual Studio Solution File, Format Version 12.00
# Visual Studio Version 16
VisualStudioVersion = 16.0.30804.86
MinimumVisualStudioVersion = 10.0.40219.1
Project("{FAE04EC0-301F-11D3-BF4B-00C04F79EFBC}") = "DataAccess", "DataAccess\DataAccess.csproj", "{B0F4A434-3EF3-4175-BE54-C6FBE36EFE5F}"
EndProject
Project("{FAE04EC0-301F-11D3-BF4B-00C04F79EFBC}") = "Business", "Business\Business.csproj", "{A85741BD-2987-4F1C-9E3E-FD5F6416A8AB}"
EndProject
Project("{FAE04EC0-301F-11D3-BF4B-00C04F79EFBC}") = "Entities", "Entities\Entities.csproj", "{F5CAAF60-1876-496E-8707-F3EDF75A0B4B}"
EndProject
Project("{FAE04EC0-301F-11D3-BF4B-00C04F79EFBC}") = "ConsoleUI", "ConsoleUI\ConsoleUI.csproj", "{65D07089-1604-45F6-A5A8-5C2F5EAF1F9B}"
EndProject
Global
	GlobalSection(SolutionConfigurationPlatforms) = preSolution
		Debug|Any CPU = Debug|Any CPU
		Release|Any CPU = Release|Any CPU
	EndGlobalSection
	GlobalSection(ProjectConfigurationPlatforms) = postSolution
		{B0F4A434-3EF3-4175-BE54-C6FBE36EFE5F}.Debug|Any CPU.ActiveCfg = Debug|Any CPU
		{B0F4A434-3EF3-4175-BE54-C6FBE36EFE5F}.Debug|Any CPU.Build.0 = Debug|Any CPU
		{B0F4A434-3EF3-4175-BE54-C6FBE36EFE5F}.Release|Any CPU.ActiveCfg = Release|Any CPU
		{B0F4A434-3EF3-4175-BE54-C6FBE36EFE5F}.Release|Any CPU.Build.0 = Release|Any CPU
		{A85741BD-2987-4F1C-9E3E-FD5F6416A8AB}.Debug|Any CPU.ActiveCfg = Debug|Any CPU
		{A85741BD-2987-4F1C-9E3E-FD5F6416A8AB}.Debug|Any CPU.Build.0 = Debug|Any CPU
		{A85741BD-2987-4F1C-9E3E-FD5F6416A8AB}.Release|Any CPU.ActiveCfg = Release|Any CPU
		{A85741BD-2987-4F1C-9E3E-FD5F6416A8AB}.Release|Any CPU.Build.0 = Release|Any CPU
		{F5CAAF60-1876-496E-8707-F3EDF75A0B4B}.Debug|Any CPU.ActiveCfg = Debug|Any CPU
		{F5CAAF60-1876-496E-8707-F3EDF75A0B4B}.Debug|Any CPU.Build.0 = Debug|Any CPU
		{F5CAAF60-1876-496E-8707-F3EDF75A0B4B}.Release|Any CPU.ActiveCfg = Release|Any CPU
		{F5CAAF60-1876-496E-8707-F3EDF75A0B4B}.Release|Any CPU.Build.0 = Release|Any CPU
		{65D07089-1604-45F6-A5A8-5C2F5EAF1F9B}.Debug|Any CPU.ActiveCfg = Debug|Any CPU
		{65D07089-1604-45F6-A5A8-5C2F5EAF1F9B}.Debug|Any CPU.Build.0 = Debug|Any CPU
		{65D07089-1604-45F6-A5A8-5C2F5EAF1F9B}.Release|Any CPU.ActiveCfg = Release|Any CPU
		{65D07089-1604-45F6-A5A8-5C2F5EAF1F9B}.Release|Any CPU.Build.0 = Release|Any CPU
	EndGlobalSection
	GlobalSection(SolutionProperties) = preSolution
		HideSolutionNode = FALSE
	EndGlobalSection
	GlobalSection(ExtensibilityGlobals) = postSolution
		SolutionGuid = {09F0E7B8-BF9F-4D32-8883-B6B90AECB840}
	EndGlobalSection
EndGlobal
